{
  "name": "testtask",
  "version": "1.0.0",
  "lockfileVersion": 1,
  "requires": true,
  "dependencies": {
    "@types/lodash": {
      "version": "4.14.150",
      "resolved": "https://registry.npmjs.org/@types/lodash/-/lodash-4.14.150.tgz",
      "integrity": "sha512-kMNLM5JBcasgYscD9x/Gvr6lTAv2NVgsKtet/hm93qMyf/D1pt+7jeEZklKJKxMVmXjxbRVQQGfqDSfipYCO6w=="
    },
    "@types/lodash.curry": {
      "version": "4.1.6",
      "resolved": "https://registry.npmjs.org/@types/lodash.curry/-/lodash.curry-4.1.6.tgz",
      "integrity": "sha512-x3ctCcmOYqRrihNNnQJW6fe/yZFCgnrIa6p80AiPQRO8Jis29bBdy1dEw1FwngoF/mCZa3Bx+33fUZvOEE635Q==",
      "requires": {
        "@types/lodash": "*"
      }
    },
    "@types/node": {
      "version": "13.11.1",
      "resolved": "https://registry.npmjs.org/@types/node/-/node-13.11.1.tgz",
      "integrity": "sha512-eWQGP3qtxwL8FGneRrC5DwrJLGN4/dH1clNTuLfN81HCrxVtxRjygDTUoZJ5ASlDEeo0ppYFQjQIlXhtXpOn6g==",
      "dev": true
    },
    "lodash.curry": {
      "version": "4.1.1",
      "resolved": "https://registry.npmjs.org/lodash.curry/-/lodash.curry-4.1.1.tgz",
      "integrity": "sha1-JI42By7ekGUB11lmIAqG2riyMXA="
    },
    "typescript": {
      "version": "3.8.3",
      "resolved": "https://registry.npmjs.org/typescript/-/typescript-3.8.3.tgz",
      "integrity": "sha512-MYlEfn5VrLNsgudQTVJeNaQFUAI7DkhnOjdpAp4T+ku1TfQClewlbSuTVHiA+8skNBgaf02TL/kLOvig4y3G8w==",
      "dev": true
    }
  }
}
